
Microsoft Visual Studio Solution File, Format Version 12.00
# Visual Studio Version 16
VisualStudioVersion = 16.0.34601.136
MinimumVisualStudioVersion = 10.0.40219.1
Project("{FAE04EC0-301F-11D3-BF4B-00C04F79EFBC}") = "Assesment1(2.0)", "Assesment1(2.0)\Assesment1(2.0).csproj", "{E408C624-2815-4FEE-A55C-49DDD155EB31}"
EndProject
Global
	GlobalSection(SolutionConfigurationPlatforms) = preSolution
		Debug|Any CPU = Debug|Any CPU
		Release|Any CPU = Release|Any CPU
	EndGlobalSection
	GlobalSection(ProjectConfigurationPlatforms) = postSolution
		{E408C624-2815-4FEE-A55C-49DDD155EB31}.Debug|Any CPU.ActiveCfg = Debug|Any CPU
		{E408C624-2815-4FEE-A55C-49DDD155EB31}.Debug|Any CPU.Build.0 = Debug|Any CPU
		{E408C624-2815-4FEE-A55C-49DDD155EB31}.Release|Any CPU.ActiveCfg = Release|Any CPU
		{E408C624-2815-4FEE-A55C-49DDD155EB31}.Release|Any CPU.Build.0 = Release|Any CPU
	EndGlobalSection
	GlobalSection(SolutionProperties) = preSolution
		HideSolutionNode = FALSE
	EndGlobalSection
	GlobalSection(ExtensibilityGlobals) = postSolution
		SolutionGuid = {896E38EB-7BCB-4202-9A4E-1C48B6298284}
	EndGlobalSection
EndGlobal
